
Microsoft Visual Studio Solution File, Format Version 12.00
# Visual Studio Version 16
VisualStudioVersion = 16.0.28917.182
MinimumVisualStudioVersion = 10.0.40219.1
Project("{2150E333-8FDC-42A3-9474-1A3956D46DE8}") = "Solution Items", "Solution Items", "{E1B58B83-F742-4146-A88C-76FA98711FA8}"
	ProjectSection(SolutionItems) = preProject
		Backlog.md = Backlog.md
		README Livecoding.md = README Livecoding.md
		README.md = README.md
	EndProjectSection
EndProject
Project("{9A19103F-16F7-4668-BE54-9A1E7A4F7556}") = "TrainTrain", "TrainTrain\TrainTrain.csproj", "{D084499B-38BF-451D-9603-B10DD7CD15BC}"
EndProject
Project("{9A19103F-16F7-4668-BE54-9A1E7A4F7556}") = "TrainTrain.Api", "TrainTrain.Api\TrainTrain.Api.csproj", "{38B851FE-E07C-48F5-BB6A-5EC0EE312837}"
EndProject
Project("{9A19103F-16F7-4668-BE54-9A1E7A4F7556}") = "TrainTrain.Test", "TrainTrain.Test\TrainTrain.Test.csproj", "{36FBAA9F-EF0C-41C4-9FE5-FDF5A291D278}"
EndProject
Project("{E53339B2-1760-4266-BCC7-CA923CBCF16C}") = "docker-compose", "docker-compose.dcproj", "{0B45CF78-5F6E-4C5D-B390-C6B5AF1E1606}"
EndProject
Project("{2150E333-8FDC-42A3-9474-1A3956D46DE8}") = "K8s", "K8s", "{94ED069A-5914-47C5-AC7A-48EB8F680188}"
	ProjectSection(SolutionItems) = preProject
		configureIngress.md = configureIngress.md
		railway-ingress.yaml = railway-ingress.yaml
		traintrain-aks.yaml = traintrain-aks.yaml
	EndProjectSection
EndProject
Global
	GlobalSection(SolutionConfigurationPlatforms) = preSolution
		Debug|Any CPU = Debug|Any CPU
		Release|Any CPU = Release|Any CPU
	EndGlobalSection
	GlobalSection(ProjectConfigurationPlatforms) = postSolution
		{D084499B-38BF-451D-9603-B10DD7CD15BC}.Debug|Any CPU.ActiveCfg = Debug|Any CPU
		{D084499B-38BF-451D-9603-B10DD7CD15BC}.Debug|Any CPU.Build.0 = Debug|Any CPU
		{D084499B-38BF-451D-9603-B10DD7CD15BC}.Release|Any CPU.ActiveCfg = Release|Any CPU
		{D084499B-38BF-451D-9603-B10DD7CD15BC}.Release|Any CPU.Build.0 = Release|Any CPU
		{38B851FE-E07C-48F5-BB6A-5EC0EE312837}.Debug|Any CPU.ActiveCfg = Debug|Any CPU
		{38B851FE-E07C-48F5-BB6A-5EC0EE312837}.Debug|Any CPU.Build.0 = Debug|Any CPU
		{38B851FE-E07C-48F5-BB6A-5EC0EE312837}.Release|Any CPU.ActiveCfg = Release|Any CPU
		{38B851FE-E07C-48F5-BB6A-5EC0EE312837}.Release|Any CPU.Build.0 = Release|Any CPU
		{36FBAA9F-EF0C-41C4-9FE5-FDF5A291D278}.Debug|Any CPU.ActiveCfg = Debug|Any CPU
		{36FBAA9F-EF0C-41C4-9FE5-FDF5A291D278}.Debug|Any CPU.Build.0 = Debug|Any CPU
		{36FBAA9F-EF0C-41C4-9FE5-FDF5A291D278}.Release|Any CPU.ActiveCfg = Release|Any CPU
		{36FBAA9F-EF0C-41C4-9FE5-FDF5A291D278}.Release|Any CPU.Build.0 = Release|Any CPU
		{0B45CF78-5F6E-4C5D-B390-C6B5AF1E1606}.Debug|Any CPU.ActiveCfg = Debug|Any CPU
		{0B45CF78-5F6E-4C5D-B390-C6B5AF1E1606}.Debug|Any CPU.Build.0 = Debug|Any CPU
		{0B45CF78-5F6E-4C5D-B390-C6B5AF1E1606}.Release|Any CPU.ActiveCfg = Release|Any CPU
		{0B45CF78-5F6E-4C5D-B390-C6B5AF1E1606}.Release|Any CPU.Build.0 = Release|Any CPU
	EndGlobalSection
	GlobalSection(SolutionProperties) = preSolution
		HideSolutionNode = FALSE
	EndGlobalSection
	GlobalSection(ExtensibilityGlobals) = postSolution
		SolutionGuid = {CA40AB96-8CF7-4AD8-B6E8-911509317226}
	EndGlobalSection
EndGlobal
